
Microsoft Visual Studio Solution File, Format Version 12.00
# Visual Studio Version 17
VisualStudioVersion = 17.9.34714.143
MinimumVisualStudioVersion = 10.0.40219.1
Project("{FAE04EC0-301F-11D3-BF4B-00C04F79EFBC}") = "HotelManagementSystem", "HotelManagementSystem\HotelManagementSystem.csproj", "{144CA1DD-756F-489A-B869-C3B30DE76CF3}"
EndProject
Global
	GlobalSection(SolutionConfigurationPlatforms) = preSolution
		Debug|Any CPU = Debug|Any CPU
		Release|Any CPU = Release|Any CPU
	EndGlobalSection
	GlobalSection(ProjectConfigurationPlatforms) = postSolution
		{144CA1DD-756F-489A-B869-C3B30DE76CF3}.Debug|Any CPU.ActiveCfg = Debug|Any CPU
		{144CA1DD-756F-489A-B869-C3B30DE76CF3}.Debug|Any CPU.Build.0 = Debug|Any CPU
		{144CA1DD-756F-489A-B869-C3B30DE76CF3}.Release|Any CPU.ActiveCfg = Release|Any CPU
		{144CA1DD-756F-489A-B869-C3B30DE76CF3}.Release|Any CPU.Build.0 = Release|Any CPU
	EndGlobalSection
	GlobalSection(SolutionProperties) = preSolution
		HideSolutionNode = FALSE
	EndGlobalSection
	GlobalSection(ExtensibilityGlobals) = postSolution
		SolutionGuid = {9A98545E-5F81-4647-BF48-14180B2A4ACA}
	EndGlobalSection
EndGlobal
